
Microsoft Visual Studio Solution File, Format Version 12.00
# Visual Studio Version 17
VisualStudioVersion = 17.9.34607.119
MinimumVisualStudioVersion = 10.0.40219.1
Project("{FAE04EC0-301F-11D3-BF4B-00C04F79EFBC}") = "ATMSoftware", "ATMSoftware.csproj", "{5C2FB2D6-0528-48FC-B329-08846B63466C}"
EndProject
Global
	GlobalSection(SolutionConfigurationPlatforms) = preSolution
		Debug|Any CPU = Debug|Any CPU
		Release|Any CPU = Release|Any CPU
	EndGlobalSection
	GlobalSection(ProjectConfigurationPlatforms) = postSolution
		{5C2FB2D6-0528-48FC-B329-08846B63466C}.Debug|Any CPU.ActiveCfg = Debug|Any CPU
		{5C2FB2D6-0528-48FC-B329-08846B63466C}.Debug|Any CPU.Build.0 = Debug|Any CPU
		{5C2FB2D6-0528-48FC-B329-08846B63466C}.Release|Any CPU.ActiveCfg = Release|Any CPU
		{5C2FB2D6-0528-48FC-B329-08846B63466C}.Release|Any CPU.Build.0 = Release|Any CPU
	EndGlobalSection
	GlobalSection(SolutionProperties) = preSolution
		HideSolutionNode = FALSE
	EndGlobalSection
	GlobalSection(ExtensibilityGlobals) = postSolution
		SolutionGuid = {BA46B3E9-8384-4527-AAD0-96CC2D6396CF}
	EndGlobalSection
EndGlobal
