
Microsoft Visual Studio Solution File, Format Version 12.00
# Visual Studio Version 17
VisualStudioVersion = 17.8.34322.80
MinimumVisualStudioVersion = 10.0.40219.1
Project("{FAE04EC0-301F-11D3-BF4B-00C04F79EFBC}") = "Things_To_Do", "Things_To_Do.csproj", "{A5DD3695-A125-4C5B-9755-47257D591588}"
EndProject
Global
	GlobalSection(SolutionConfigurationPlatforms) = preSolution
		Debug|Any CPU = Debug|Any CPU
		Release|Any CPU = Release|Any CPU
	EndGlobalSection
	GlobalSection(ProjectConfigurationPlatforms) = postSolution
		{A5DD3695-A125-4C5B-9755-47257D591588}.Debug|Any CPU.ActiveCfg = Debug|Any CPU
		{A5DD3695-A125-4C5B-9755-47257D591588}.Debug|Any CPU.Build.0 = Debug|Any CPU
		{A5DD3695-A125-4C5B-9755-47257D591588}.Release|Any CPU.ActiveCfg = Release|Any CPU
		{A5DD3695-A125-4C5B-9755-47257D591588}.Release|Any CPU.Build.0 = Release|Any CPU
	EndGlobalSection
	GlobalSection(SolutionProperties) = preSolution
		HideSolutionNode = FALSE
	EndGlobalSection
	GlobalSection(ExtensibilityGlobals) = postSolution
		SolutionGuid = {A1CE7CE2-78CB-452A-AAB5-0895AD035068}
	EndGlobalSection
EndGlobal
